<?xml version="1.0" encoding="utf-8"?>
<Project ToolsVersion="4.0" xmlns="http://schemas.microsoft.com/developer/msbuild/2003">
  <ItemGroup>
    <Filter Include="Source Files">
      <UniqueIdentifier>{4FC737F1-C7A5-4376-A066-2A32D752A2FF}</UniqueIdentifier>
      <Extensions>cpp;c;cc;cxx;def;odl;idl;hpj;bat;asm;asmx</Extensions>
    </Filter>
    <Filter Include="Header Files">
      <UniqueIdentifier>{93995380-89BD-4b04-88EB-625FBE52EBFB}</UniqueIdentifier>
      <Extensions>h;hh;hpp;hxx;hm;inl;inc;ipp;xsd</Extensions>
    </Filter>
    <Filter Include="Resource Files">
      <UniqueIdentifier>{67DA6AB6-F800-4c08-8B7A-83BB121AAD01}</UniqueIdentifier>
      <Extensions>rc;ico;cur;bmp;dlg;rc2;rct;bin;rgs;gif;jpg;jpeg;jpe;resx;tiff;tif;png;wav;mfcribbon-ms</Extensions>
    </Filter>
  </ItemGroup>
  <ItemGroup>
    <ClCompile Include="src\Main.cpp">
      <Filter>Source Files</Filter>
    </ClCompile>
    <ClCompile Include="src\SimplexEngine\Core\Application.cpp">
      <Filter>Source Files</Filter>
    </ClCompile>
    <ClCompile Include="src\SimplexEngine\Data\Color.cpp">
      <Filter>Source Files</Filter>
    </ClCompile>
    <ClCompile Include="src\SimplexEngine\Data\Vertex.cpp">
      <Filter>Source Files</Filter>
    </ClCompile>
    <ClCompile Include="src\SimplexEngine\Data\Transform.cpp">
      <Filter>Source Files</Filter>
    </ClCompile>
    <ClCompile Include="src\SimplexEngine\Utils\Clock.cpp">
      <Filter>Source Files</Filter>
    </ClCompile>
    <ClCompile Include="src\SimplexEngine\Utils\Math.cpp">
      <Filter>Source Files</Filter>
    </ClCompile>
    <ClCompile Include="src\SimplexEngine\Resources\Mesh.cpp">
      <Filter>Source Files</Filter>
    </ClCompile>
    <ClCompile Include="src\SimplexEngine\Tools\EasyAssimp.cpp">
      <Filter>Source Files</Filter>
    </ClCompile>
    <ClCompile Include="src\SimplexEngine\Tools\MeshCreator.cpp">
      <Filter>Source Files</Filter>
    </ClCompile>
    <ClCompile Include="src\SimplexEngine\Resources\Managers\MeshManager.cpp">
      <Filter>Source Files</Filter>
    </ClCompile>
    <ClCompile Include="src\SimplexEngine\Utils\IniIndexer.cpp">
      <Filter>Source Files</Filter>
    </ClCompile>
    <ClCompile Include="src\SimplexEngine\Scripts\SCameraController.cpp">
      <Filter>Source Files</Filter>
    </ClCompile>
    <ClCompile Include="src\SimplexEngine\Scripts\SRotateOverTime.cpp">
      <Filter>Source Files</Filter>
    </ClCompile>
    <ClCompile Include="src\SimplexEngine\Scripts\SFPSCounter.cpp">
      <Filter>Source Files</Filter>
    </ClCompile>
    <ClCompile Include="src\SimplexEngine\Analytics\Profiler.cpp">
      <Filter>Source Files</Filter>
    </ClCompile>
    <ClCompile Include="src\SimplexEngine\Scripts\SProfilerLogger.cpp">
      <Filter>Source Files</Filter>
    </ClCompile>
    <ClCompile Include="src\SimplexEngine\Analytics\ProfilerSpy.cpp">
      <Filter>Source Files</Filter>
    </ClCompile>
    <ClCompile Include="src\SimplexEngine\Scripts\SConsoleController.cpp">
      <Filter>Source Files</Filter>
    </ClCompile>
    <ClCompile Include="src\SimplexEngine\Core\UserInterface.cpp">
      <Filter>Source Files</Filter>
    </ClCompile>
    <ClCompile Include="src\SimplexEngine\Core\EventHandler.cpp">
      <Filter>Source Files</Filter>
    </ClCompile>
    <ClCompile Include="src\SimplexEngine\Core\InputManager.cpp">
      <Filter>Source Files</Filter>
    </ClCompile>
    <ClCompile Include="src\SimplexEngine\Core\Window.cpp">
      <Filter>Source Files</Filter>
    </ClCompile>
    <ClCompile Include="src\SimplexEngine\Scripts\SRasterizationLimiter.cpp">
      <Filter>Source Files</Filter>
    </ClCompile>
    <ClCompile Include="src\SimplexEngine\Scenes\AScene.cpp">
      <Filter>Source Files</Filter>
    </ClCompile>
    <ClCompile Include="src\SimplexEngine\Scenes\DefaultScene.cpp">
      <Filter>Source Files</Filter>
    </ClCompile>
    <ClCompile Include="src\SimplexEngine\Core\SceneManager.cpp">
      <Filter>Source Files</Filter>
    </ClCompile>
    <ClCompile Include="src\SimplexEngine\Scripts\SSceneNavigator.cpp">
      <Filter>Source Files</Filter>
    </ClCompile>
    <ClCompile Include="src\SimplexEngine\Shaders\AShader.cpp">
      <Filter>Source Files</Filter>
    </ClCompile>
    <ClCompile Include="src\SimplexEngine\Shaders\LambertShader.cpp">
      <Filter>Source Files</Filter>
    </ClCompile>
    <ClCompile Include="src\SimplexEngine\Materials\LambertMaterial.cpp">
      <Filter>Source Files</Filter>
    </ClCompile>
    <ClCompile Include="src\SimplexEngine\Materials\AMaterial.cpp">
      <Filter>Source Files</Filter>
    </ClCompile>
    <ClCompile Include="src\SimplexEngine\Shaders\NormalShader.cpp">
      <Filter>Source Files</Filter>
    </ClCompile>
    <ClCompile Include="src\SimplexEngine\Components\CameraComponent.cpp">
      <Filter>Source Files</Filter>
    </ClCompile>
    <ClCompile Include="src\SimplexEngine\Components\MeshComponent.cpp">
      <Filter>Source Files</Filter>
    </ClCompile>
    <ClCompile Include="src\SimplexEngine\Components\AActorComponent.cpp">
      <Filter>Source Files</Filter>
    </ClCompile>
    <ClCompile Include="src\SimplexEngine\Actors\Actor.cpp">
      <Filter>Source Files</Filter>
    </ClCompile>
    <ClCompile Include="src\SimplexEngine\Tools\SceneParser.cpp">
      <Filter>Source Files</Filter>
    </ClCompile>
    <ClCompile Include="src\SimplexEngine\Buffers\DepthBuffer.cpp">
      <Filter>Source Files</Filter>
    </ClCompile>
    <ClCompile Include="src\SimplexEngine\Buffers\TextureBuffer.cpp">
      <Filter>Source Files</Filter>
    </ClCompile>
    <ClCompile Include="src\SimplexEngine\Maths\Triangle2D.cpp">
      <Filter>Source Files</Filter>
    </ClCompile>
    <ClCompile Include="src\SimplexEngine\Rendering\RasterBoy.cpp">
      <Filter>Source Files</Filter>
    </ClCompile>
    <ClCompile Include="src\SimplexEngine\Rendering\Renderer.cpp">
      <Filter>Source Files</Filter>
    </ClCompile>
  </ItemGroup>
  <ItemGroup>
    <ClInclude Include="include\SimplexEngine\Core\Application.h">
      <Filter>Header Files</Filter>
    </ClInclude>
    <ClInclude Include="include\SimplexEngine\Utils\Event.h">
      <Filter>Header Files</Filter>
    </ClInclude>
    <ClInclude Include="include\SimplexEngine\Core\EApplicationState.h">
      <Filter>Header Files</Filter>
    </ClInclude>
    <ClInclude Include="include\SimplexEngine\Data\Color.h">
      <Filter>Header Files</Filter>
    </ClInclude>
    <ClInclude Include="include\SimplexEngine\Data\Vertex.h">
      <Filter>Header Files</Filter>
    </ClInclude>
    <ClInclude Include="include\SimplexEngine\Data\Transform.h">
      <Filter>Header Files</Filter>
    </ClInclude>
    <ClInclude Include="include\SimplexEngine\Utils\Clock.h">
      <Filter>Header Files</Filter>
    </ClInclude>
    <ClInclude Include="include\SimplexEngine\Utils\Math.h">
      <Filter>Header Files</Filter>
    </ClInclude>
    <ClInclude Include="include\SimplexEngine\Data\EPrimitive.h">
      <Filter>Header Files</Filter>
    </ClInclude>
    <ClInclude Include="include\SimplexEngine\Resources\Mesh.h">
      <Filter>Header Files</Filter>
    </ClInclude>
    <ClInclude Include="include\SimplexEngine\Tools\EasyAssimp.h">
      <Filter>Header Files</Filter>
    </ClInclude>
    <ClInclude Include="include\SimplexEngine\Tools\MeshCreator.h">
      <Filter>Header Files</Filter>
    </ClInclude>
    <ClInclude Include="include\SimplexEngine\Resources\Managers\AResourceManager.h">
      <Filter>Header Files</Filter>
    </ClInclude>
    <ClInclude Include="include\SimplexEngine\Resources\Managers\MeshManager.h">
      <Filter>Header Files</Filter>
    </ClInclude>
    <ClInclude Include="include\SimplexEngine\Utils\IniIndexer.h">
      <Filter>Header Files</Filter>
    </ClInclude>
    <ClInclude Include="include\SimplexEngine\Scripts\IScript.h">
      <Filter>Header Files</Filter>
    </ClInclude>
    <ClInclude Include="include\SimplexEngine\Scripts\SCameraController.h">
      <Filter>Header Files</Filter>
    </ClInclude>
    <ClInclude Include="include\SimplexEngine\Scripts\SRotateOverTime.h">
      <Filter>Header Files</Filter>
    </ClInclude>
    <ClInclude Include="include\SimplexEngine\Scripts\SFPSCounter.h">
      <Filter>Header Files</Filter>
    </ClInclude>
    <ClInclude Include="include\SimplexEngine\Analytics\Profiler.h">
      <Filter>Header Files</Filter>
    </ClInclude>
    <ClInclude Include="include\SimplexEngine\Scripts\SProfilerLogger.h">
      <Filter>Header Files</Filter>
    </ClInclude>
    <ClInclude Include="include\SimplexEngine\Analytics\ProfilerSpy.h">
      <Filter>Header Files</Filter>
    </ClInclude>
    <ClInclude Include="include\SimplexEngine\Scripts\SConsoleController.h">
      <Filter>Header Files</Filter>
    </ClInclude>
    <ClInclude Include="include\SimplexEngine\Core\UserInterface.h">
      <Filter>Header Files</Filter>
    </ClInclude>
    <ClInclude Include="include\SimplexEngine\Data\ETextAlignment.h">
      <Filter>Header Files</Filter>
    </ClInclude>
    <ClInclude Include="include\SimplexEngine\Data\Text.h">
      <Filter>Header Files</Filter>
    </ClInclude>
    <ClInclude Include="include\SimplexEngine\Data\EFontSize.h">
      <Filter>Header Files</Filter>
    </ClInclude>
    <ClInclude Include="include\SimplexEngine\Analytics\ProfilerReport.h">
      <Filter>Header Files</Filter>
    </ClInclude>
    <ClInclude Include="include\SimplexEngine\Core\EventHandler.h">
      <Filter>Header Files</Filter>
    </ClInclude>
    <ClInclude Include="include\SimplexEngine\Core\EWindowState.h">
      <Filter>Header Files</Filter>
    </ClInclude>
    <ClInclude Include="include\SimplexEngine\Core\Window.h">
      <Filter>Header Files</Filter>
    </ClInclude>
    <ClInclude Include="include\SimplexEngine\Scripts\SRasterizationLimiter.h">
      <Filter>Header Files</Filter>
    </ClInclude>
    <ClInclude Include="include\SimplexEngine\Scenes\AScene.h">
      <Filter>Header Files</Filter>
    </ClInclude>
    <ClInclude Include="include\SimplexEngine\Scenes\DefaultScene.h">
      <Filter>Header Files</Filter>
    </ClInclude>
    <ClInclude Include="include\SimplexEngine\Scenes\ASceneDefines.h">
      <Filter>Header Files</Filter>
    </ClInclude>
    <ClInclude Include="include\SimplexEngine\Core\SceneManager.h">
      <Filter>Header Files</Filter>
    </ClInclude>
    <ClInclude Include="include\SimplexEngine\Scripts\SSceneNavigator.h">
      <Filter>Header Files</Filter>
    </ClInclude>
    <ClInclude Include="include\SimplexEngine\Shaders\AShader.h">
      <Filter>Header Files</Filter>
    </ClInclude>
    <ClInclude Include="include\SimplexEngine\Shaders\LambertShader.h">
      <Filter>Header Files</Filter>
    </ClInclude>
    <ClInclude Include="include\SimplexEngine\Materials\LambertMaterial.h">
      <Filter>Header Files</Filter>
    </ClInclude>
    <ClInclude Include="include\SimplexEngine\Materials\ABaseMaterial.h">
      <Filter>Header Files</Filter>
    </ClInclude>
    <ClInclude Include="include\SimplexEngine\Materials\AMaterial.h">
      <Filter>Header Files</Filter>
    </ClInclude>
    <ClInclude Include="include\SimplexEngine\Shaders\NormalShader.h">
      <Filter>Header Files</Filter>
    </ClInclude>
    <ClInclude Include="include\SimplexEngine\Components\CameraComponent.h">
      <Filter>Header Files</Filter>
    </ClInclude>
    <ClInclude Include="include\SimplexEngine\Components\MeshComponent.h">
      <Filter>Header Files</Filter>
    </ClInclude>
    <ClInclude Include="include\SimplexEngine\Components\AActorComponent.h">
      <Filter>Header Files</Filter>
    </ClInclude>
    <ClInclude Include="include\SimplexEngine\Actors\Actor.h">
      <Filter>Header Files</Filter>
    </ClInclude>
    <ClInclude Include="include\SimplexEngine\Tools\SceneParser.h">
      <Filter>Header Files</Filter>
    </ClInclude>
    <ClInclude Include="include\SimplexEngine\Buffers\Buffer2D.h">
      <Filter>Header Files</Filter>
    </ClInclude>
    <ClInclude Include="include\SimplexEngine\Buffers\DepthBuffer.h">
      <Filter>Header Files</Filter>
    </ClInclude>
    <ClInclude Include="include\SimplexEngine\Buffers\TextureBuffer.h">
      <Filter>Header Files</Filter>
    </ClInclude>
    <ClInclude Include="include\SimplexEngine\Maths\Triangle2D.h">
      <Filter>Header Files</Filter>
    </ClInclude>
    <ClInclude Include="include\SimplexEngine\Rendering\Renderer.h">
      <Filter>Header Files</Filter>
    </ClInclude>
    <ClInclude Include="include\SimplexEngine\Rendering\RasterBoy.h">
      <Filter>Header Files</Filter>
    </ClInclude>
    <ClInclude Include="include\SimplexEngine\Core\InputManager.h">
      <Filter>Header Files</Filter>
    </ClInclude>
  </ItemGroup>
  <ItemGroup>
    <None Include="config\window.ini" />
    <None Include="resources\cone.fbx" />
    <None Include="resources\cube.fbx" />
    <None Include="resources\cylinder.fbx" />
    <None Include="resources\icosphere.fbx" />
    <None Include="resources\monkey.fbx" />
    <None Include="resources\sphere.fbx" />
    <None Include="config\application.ini" />
    <None Include="include\SimplexEngine\Resources\Managers\AResourceManager.inl">
      <Filter>Header Files</Filter>
    </None>
    <None Include="config\rendering.ini" />
    <None Include="config\resources\meshes.cfg" />
    <None Include="config\controls.ini" />
  </ItemGroup>
</Project>